PODS:
  - Alamofire (2.0.0)
  - AlamofireObjectMapper (0.8):
    - Alamofire (= 2.0.0)
    - ObjectMapper (= 0.16)
  - DraggableCollectionView (0.1)
  - ObjectMapper (0.16)
  - Realm (0.95.0):
    - Realm/Headers (= 0.95.0)
  - Realm/Headers (0.95.0)
  - RealmSwift (0.95.0):
    - Realm (= 0.95.0)
  - SDWebImage (3.7.3):
    - SDWebImage/Core (= 3.7.3)
  - SDWebImage/Core (3.7.3)

DEPENDENCIES:
  - AlamofireObjectMapper
  - DraggableCollectionView
  - RealmSwift
  - SDWebImage

SPEC CHECKSUMS:
  Alamofire: 2f13548b29d25a58ecd91c9225fb51493e2b782b
  AlamofireObjectMapper: 77db774f80af0dd6966cc26658f17dbc653d5ee3
  DraggableCollectionView: 532307b72e1a6e6a32289ed5f5c8ac20bdad06ff
  ObjectMapper: 86915ae0d902de94e7bfda8980a580fda931b5f8
  Realm: bbb171b96728ea136ed5cd354dca2a3d6529923c
  RealmSwift: 35eeb642bf0b43dedfe363451ba3288d0e72ebb9
  SDWebImage: 1d2b1a1efda1ade1b00b6f8498865f8ddedc8a84

COCOAPODS: 0.38.2
