// !$*UTF8*$!
{
	archiveVersion = 1;
	classes = {
	};
	objectVersion = 46;
	objects = {

/* Begin PBXBuildFile section */
		1ECAA04E1BA2633000F9250B /* EditOrderPlayListViewController.swift in Sources */ = {isa = PBXBuildFile; fileRef = 1ECAA04D1BA2633000F9250B /* EditOrderPlayListViewController.swift */; };
		A4B20C551BA1926E00BA531F /* AppDelegate.swift in Sources */ = {isa = PBXBuildFile; fileRef = A4B20C541BA1926E00BA531F /* AppDelegate.swift */; };
		A4B20C571BA1926E00BA531F /* ViewController.swift in Sources */ = {isa = PBXBuildFile; fileRef = A4B20C561BA1926E00BA531F /* ViewController.swift */; };
		A4B20C5A1BA1926E00BA531F /* Main.storyboard in Resources */ = {isa = PBXBuildFile; fileRef = A4B20C581BA1926E00BA531F /* Main.storyboard */; };
		A4B20C5C1BA1926E00BA531F /* Images.xcassets in Resources */ = {isa = PBXBuildFile; fileRef = A4B20C5B1BA1926E00BA531F /* Images.xcassets */; };
		A4B20C5F1BA1926E00BA531F /* LaunchScreen.xib in Resources */ = {isa = PBXBuildFile; fileRef = A4B20C5D1BA1926E00BA531F /* LaunchScreen.xib */; };
		A4B20C6B1BA1926E00BA531F /* TachDesiginKyotoInakaTests.swift in Sources */ = {isa = PBXBuildFile; fileRef = A4B20C6A1BA1926E00BA531F /* TachDesiginKyotoInakaTests.swift */; };
		A4B20C7F1BA192A600BA531F /* AwaApi.swift in Sources */ = {isa = PBXBuildFile; fileRef = A4B20C741BA192A600BA531F /* AwaApi.swift */; };
		A4B20C801BA192A600BA531F /* FavoritePlaylistList.swift in Sources */ = {isa = PBXBuildFile; fileRef = A4B20C751BA192A600BA531F /* FavoritePlaylistList.swift */; };
		A4B20C811BA192A600BA531F /* ItunesApi.swift in Sources */ = {isa = PBXBuildFile; fileRef = A4B20C761BA192A600BA531F /* ItunesApi.swift */; };
		A4B20C821BA192A600BA531F /* ModelManager.swift in Sources */ = {isa = PBXBuildFile; fileRef = A4B20C771BA192A600BA531F /* ModelManager.swift */; };
		A4B20C841BA192A600BA531F /* MyPlaylistList.swift in Sources */ = {isa = PBXBuildFile; fileRef = A4B20C791BA192A600BA531F /* MyPlaylistList.swift */; };
		A4B20C851BA192A600BA531F /* MyPlaylistViewController.swift in Sources */ = {isa = PBXBuildFile; fileRef = A4B20C7A1BA192A600BA531F /* MyPlaylistViewController.swift */; };
		A4B20C861BA192A600BA531F /* Playlist.swift in Sources */ = {isa = PBXBuildFile; fileRef = A4B20C7B1BA192A600BA531F /* Playlist.swift */; };
		A4B20C871BA192A600BA531F /* PlaySongViewController.swift in Sources */ = {isa = PBXBuildFile; fileRef = A4B20C7C1BA192A600BA531F /* PlaySongViewController.swift */; };
		A4B20C881BA192A600BA531F /* SelectEightSongViewController.swift in Sources */ = {isa = PBXBuildFile; fileRef = A4B20C7D1BA192A600BA531F /* SelectEightSongViewController.swift */; };
		A4B20C891BA192A600BA531F /* Song.swift in Sources */ = {isa = PBXBuildFile; fileRef = A4B20C7E1BA192A600BA531F /* Song.swift */; };
/* End PBXBuildFile section */

/* Begin PBXContainerItemProxy section */
		A4B20C651BA1926E00BA531F /* PBXContainerItemProxy */ = {
			isa = PBXContainerItemProxy;
			containerPortal = A4B20C471BA1926E00BA531F /* Project object */;
			proxyType = 1;
			remoteGlobalIDString = A4B20C4E1BA1926E00BA531F;
			remoteInfo = TachDesiginKyotoInaka;
		};
/* End PBXContainerItemProxy section */

/* Begin PBXFileReference section */
		1ECAA04D1BA2633000F9250B /* EditOrderPlayListViewController.swift */ = {isa = PBXFileReference; fileEncoding = 4; lastKnownFileType = sourcecode.swift; path = EditOrderPlayListViewController.swift; sourceTree = "<group>"; };
		A4B20C4F1BA1926E00BA531F /* TachDesiginKyotoInaka.app */ = {isa = PBXFileReference; explicitFileType = wrapper.application; includeInIndex = 0; path = TachDesiginKyotoInaka.app; sourceTree = BUILT_PRODUCTS_DIR; };
		A4B20C531BA1926E00BA531F /* Info.plist */ = {isa = PBXFileReference; lastKnownFileType = text.plist.xml; path = Info.plist; sourceTree = "<group>"; };
		A4B20C541BA1926E00BA531F /* AppDelegate.swift */ = {isa = PBXFileReference; lastKnownFileType = sourcecode.swift; path = AppDelegate.swift; sourceTree = "<group>"; };
		A4B20C561BA1926E00BA531F /* ViewController.swift */ = {isa = PBXFileReference; lastKnownFileType = sourcecode.swift; path = ViewController.swift; sourceTree = "<group>"; };
		A4B20C591BA1926E00BA531F /* Base */ = {isa = PBXFileReference; lastKnownFileType = file.storyboard; name = Base; path = Base.lproj/Main.storyboard; sourceTree = "<group>"; };
		A4B20C5B1BA1926E00BA531F /* Images.xcassets */ = {isa = PBXFileReference; lastKnownFileType = folder.assetcatalog; path = Images.xcassets; sourceTree = "<group>"; };
		A4B20C5E1BA1926E00BA531F /* Base */ = {isa = PBXFileReference; lastKnownFileType = file.xib; name = Base; path = Base.lproj/LaunchScreen.xib; sourceTree = "<group>"; };
		A4B20C641BA1926E00BA531F /* TachDesiginKyotoInakaTests.xctest */ = {isa = PBXFileReference; explicitFileType = wrapper.cfbundle; includeInIndex = 0; path = TachDesiginKyotoInakaTests.xctest; sourceTree = BUILT_PRODUCTS_DIR; };
		A4B20C691BA1926E00BA531F /* Info.plist */ = {isa = PBXFileReference; lastKnownFileType = text.plist.xml; path = Info.plist; sourceTree = "<group>"; };
		A4B20C6A1BA1926E00BA531F /* TachDesiginKyotoInakaTests.swift */ = {isa = PBXFileReference; lastKnownFileType = sourcecode.swift; path = TachDesiginKyotoInakaTests.swift; sourceTree = "<group>"; };
		A4B20C741BA192A600BA531F /* AwaApi.swift */ = {isa = PBXFileReference; fileEncoding = 4; lastKnownFileType = sourcecode.swift; path = AwaApi.swift; sourceTree = "<group>"; };
		A4B20C751BA192A600BA531F /* FavoritePlaylistList.swift */ = {isa = PBXFileReference; fileEncoding = 4; lastKnownFileType = sourcecode.swift; path = FavoritePlaylistList.swift; sourceTree = "<group>"; };
		A4B20C761BA192A600BA531F /* ItunesApi.swift */ = {isa = PBXFileReference; fileEncoding = 4; lastKnownFileType = sourcecode.swift; path = ItunesApi.swift; sourceTree = "<group>"; };
		A4B20C771BA192A600BA531F /* ModelManager.swift */ = {isa = PBXFileReference; fileEncoding = 4; lastKnownFileType = sourcecode.swift; path = ModelManager.swift; sourceTree = "<group>"; };
		A4B20C791BA192A600BA531F /* MyPlaylistList.swift */ = {isa = PBXFileReference; fileEncoding = 4; lastKnownFileType = sourcecode.swift; path = MyPlaylistList.swift; sourceTree = "<group>"; };
		A4B20C7A1BA192A600BA531F /* MyPlaylistViewController.swift */ = {isa = PBXFileReference; fileEncoding = 4; lastKnownFileType = sourcecode.swift; path = MyPlaylistViewController.swift; sourceTree = "<group>"; };
		A4B20C7B1BA192A600BA531F /* Playlist.swift */ = {isa = PBXFileReference; fileEncoding = 4; lastKnownFileType = sourcecode.swift; path = Playlist.swift; sourceTree = "<group>"; };
		A4B20C7C1BA192A600BA531F /* PlaySongViewController.swift */ = {isa = PBXFileReference; fileEncoding = 4; lastKnownFileType = sourcecode.swift; path = PlaySongViewController.swift; sourceTree = "<group>"; };
		A4B20C7D1BA192A600BA531F /* SelectEightSongViewController.swift */ = {isa = PBXFileReference; fileEncoding = 4; lastKnownFileType = sourcecode.swift; path = SelectEightSongViewController.swift; sourceTree = "<group>"; };
		A4B20C7E1BA192A600BA531F /* Song.swift */ = {isa = PBXFileReference; fileEncoding = 4; lastKnownFileType = sourcecode.swift; path = Song.swift; sourceTree = "<group>"; };
/* End PBXFileReference section */

/* Begin PBXFrameworksBuildPhase section */
		A4B20C4C1BA1926E00BA531F /* Frameworks */ = {
			isa = PBXFrameworksBuildPhase;
			buildActionMask = 2147483647;
			files = (
			);
			runOnlyForDeploymentPostprocessing = 0;
		};
		A4B20C611BA1926E00BA531F /* Frameworks */ = {
			isa = PBXFrameworksBuildPhase;
			buildActionMask = 2147483647;
			files = (
			);
			runOnlyForDeploymentPostprocessing = 0;
		};
/* End PBXFrameworksBuildPhase section */

/* Begin PBXGroup section */
		A4B20C461BA1926E00BA531F = {
			isa = PBXGroup;
			children = (
				A4B20C511BA1926E00BA531F /* TachDesiginKyotoInaka */,
				A4B20C671BA1926E00BA531F /* TachDesiginKyotoInakaTests */,
				A4B20C501BA1926E00BA531F /* Products */,
			);
			sourceTree = "<group>";
		};
		A4B20C501BA1926E00BA531F /* Products */ = {
			isa = PBXGroup;
			children = (
				A4B20C4F1BA1926E00BA531F /* TachDesiginKyotoInaka.app */,
				A4B20C641BA1926E00BA531F /* TachDesiginKyotoInakaTests.xctest */,
			);
			name = Products;
			sourceTree = "<group>";
		};
		A4B20C511BA1926E00BA531F /* TachDesiginKyotoInaka */ = {
			isa = PBXGroup;
			children = (
				A4B20C8C1BA192E600BA531F /* ViewController */,
				A4B20C8B1BA192D200BA531F /* Model */,
				A4B20C8A1BA192C700BA531F /* Api */,
				A4B20C771BA192A600BA531F /* ModelManager.swift */,
				A4B20C7A1BA192A600BA531F /* MyPlaylistViewController.swift */,
				A4B20C541BA1926E00BA531F /* AppDelegate.swift */,
				A4B20C581BA1926E00BA531F /* Main.storyboard */,
				A4B20C5B1BA1926E00BA531F /* Images.xcassets */,
				A4B20C5D1BA1926E00BA531F /* LaunchScreen.xib */,
				A4B20C521BA1926E00BA531F /* Supporting Files */,
			);
			path = TachDesiginKyotoInaka;
			sourceTree = "<group>";
		};
		A4B20C521BA1926E00BA531F /* Supporting Files */ = {
			isa = PBXGroup;
			children = (
				A4B20C531BA1926E00BA531F /* Info.plist */,
			);
			name = "Supporting Files";
			sourceTree = "<group>";
		};
		A4B20C671BA1926E00BA531F /* TachDesiginKyotoInakaTests */ = {
			isa = PBXGroup;
			children = (
				A4B20C6A1BA1926E00BA531F /* TachDesiginKyotoInakaTests.swift */,
				A4B20C681BA1926E00BA531F /* Supporting Files */,
			);
			path = TachDesiginKyotoInakaTests;
			sourceTree = "<group>";
		};
		A4B20C681BA1926E00BA531F /* Supporting Files */ = {
			isa = PBXGroup;
			children = (
				A4B20C691BA1926E00BA531F /* Info.plist */,
			);
			name = "Supporting Files";
			sourceTree = "<group>";
		};
		A4B20C8A1BA192C700BA531F /* Api */ = {
			isa = PBXGroup;
			children = (
				A4B20C761BA192A600BA531F /* ItunesApi.swift */,
				A4B20C741BA192A600BA531F /* AwaApi.swift */,
			);
			name = Api;
			sourceTree = "<group>";
		};
		A4B20C8B1BA192D200BA531F /* Model */ = {
			isa = PBXGroup;
			children = (
				A4B20C7E1BA192A600BA531F /* Song.swift */,
				A4B20C751BA192A600BA531F /* FavoritePlaylistList.swift */,
				A4B20C791BA192A600BA531F /* MyPlaylistList.swift */,
				A4B20C7B1BA192A600BA531F /* Playlist.swift */,
			);
			name = Model;
			sourceTree = "<group>";
		};
		A4B20C8C1BA192E600BA531F /* ViewController */ = {
			isa = PBXGroup;
			children = (
				A4B20C7C1BA192A600BA531F /* PlaySongViewController.swift */,
				A4B20C7D1BA192A600BA531F /* SelectEightSongViewController.swift */,
				A4B20C561BA1926E00BA531F /* ViewController.swift */,
				1ECAA04D1BA2633000F9250B /* EditOrderPlayListViewController.swift */,
			);
			name = ViewController;
			sourceTree = "<group>";
		};
/* End PBXGroup section */

/* Begin PBXNativeTarget section */
		A4B20C4E1BA1926E00BA531F /* TachDesiginKyotoInaka */ = {
			isa = PBXNativeTarget;
			buildConfigurationList = A4B20C6E1BA1926E00BA531F /* Build configuration list for PBXNativeTarget "TachDesiginKyotoInaka" */;
			buildPhases = (
				A4B20C4B1BA1926E00BA531F /* Sources */,
				A4B20C4C1BA1926E00BA531F /* Frameworks */,
				A4B20C4D1BA1926E00BA531F /* Resources */,
			);
			buildRules = (
			);
			dependencies = (
			);
			name = TachDesiginKyotoInaka;
			productName = TachDesiginKyotoInaka;
			productReference = A4B20C4F1BA1926E00BA531F /* TachDesiginKyotoInaka.app */;
			productType = "com.apple.product-type.application";
		};
		A4B20C631BA1926E00BA531F /* TachDesiginKyotoInakaTests */ = {
			isa = PBXNativeTarget;
			buildConfigurationList = A4B20C711BA1926E00BA531F /* Build configuration list for PBXNativeTarget "TachDesiginKyotoInakaTests" */;
			buildPhases = (
				A4B20C601BA1926E00BA531F /* Sources */,
				A4B20C611BA1926E00BA531F /* Frameworks */,
				A4B20C621BA1926E00BA531F /* Resources */,
			);
			buildRules = (
			);
			dependencies = (
				A4B20C661BA1926E00BA531F /* PBXTargetDependency */,
			);
			name = TachDesiginKyotoInakaTests;
			productName = TachDesiginKyotoInakaTests;
			productReference = A4B20C641BA1926E00BA531F /* TachDesiginKyotoInakaTests.xctest */;
			productType = "com.apple.product-type.bundle.unit-test";
		};
/* End PBXNativeTarget section */

/* Begin PBXProject section */
		A4B20C471BA1926E00BA531F /* Project object */ = {
			isa = PBXProject;
			attributes = {
				LastUpgradeCheck = 0640;
				ORGANIZATIONNAME = NextVanguard;
				TargetAttributes = {
					A4B20C4E1BA1926E00BA531F = {
						CreatedOnToolsVersion = 6.4;
					};
					A4B20C631BA1926E00BA531F = {
						CreatedOnToolsVersion = 6.4;
						TestTargetID = A4B20C4E1BA1926E00BA531F;
					};
				};
			};
			buildConfigurationList = A4B20C4A1BA1926E00BA531F /* Build configuration list for PBXProject "TachDesiginKyotoInaka" */;
			compatibilityVersion = "Xcode 3.2";
			developmentRegion = English;
			hasScannedForEncodings = 0;
			knownRegions = (
				en,
				Base,
			);
			mainGroup = A4B20C461BA1926E00BA531F;
			productRefGroup = A4B20C501BA1926E00BA531F /* Products */;
			projectDirPath = "";
			projectRoot = "";
			targets = (
				A4B20C4E1BA1926E00BA531F /* TachDesiginKyotoInaka */,
				A4B20C631BA1926E00BA531F /* TachDesiginKyotoInakaTests */,
			);
		};
/* End PBXProject section */

/* Begin PBXResourcesBuildPhase section */
		A4B20C4D1BA1926E00BA531F /* Resources */ = {
			isa = PBXResourcesBuildPhase;
			buildActionMask = 2147483647;
			files = (
				A4B20C5A1BA1926E00BA531F /* Main.storyboard in Resources */,
				A4B20C5F1BA1926E00BA531F /* LaunchScreen.xib in Resources */,
				A4B20C5C1BA1926E00BA531F /* Images.xcassets in Resources */,
			);
			runOnlyForDeploymentPostprocessing = 0;
		};
		A4B20C621BA1926E00BA531F /* Resources */ = {
			isa = PBXResourcesBuildPhase;
			buildActionMask = 2147483647;
			files = (
			);
			runOnlyForDeploymentPostprocessing = 0;
		};
/* End PBXResourcesBuildPhase section */

/* Begin PBXSourcesBuildPhase section */
		A4B20C4B1BA1926E00BA531F /* Sources */ = {
			isa = PBXSourcesBuildPhase;
			buildActionMask = 2147483647;
			files = (
				1ECAA04E1BA2633000F9250B /* EditOrderPlayListViewController.swift in Sources */,
				A4B20C571BA1926E00BA531F /* ViewController.swift in Sources */,
				A4B20C551BA1926E00BA531F /* AppDelegate.swift in Sources */,
				A4B20C7F1BA192A600BA531F /* AwaApi.swift in Sources */,
				A4B20C841BA192A600BA531F /* MyPlaylistList.swift in Sources */,
				A4B20C811BA192A600BA531F /* ItunesApi.swift in Sources */,
				A4B20C801BA192A600BA531F /* FavoritePlaylistList.swift in Sources */,
				A4B20C851BA192A600BA531F /* MyPlaylistViewController.swift in Sources */,
				A4B20C871BA192A600BA531F /* PlaySongViewController.swift in Sources */,
				A4B20C881BA192A600BA531F /* SelectEightSongViewController.swift in Sources */,
				A4B20C821BA192A600BA531F /* ModelManager.swift in Sources */,
				A4B20C891BA192A600BA531F /* Song.swift in Sources */,
				A4B20C861BA192A600BA531F /* Playlist.swift in Sources */,
			);
			runOnlyForDeploymentPostprocessing = 0;
		};
		A4B20C601BA1926E00BA531F /* Sources */ = {
			isa = PBXSourcesBuildPhase;
			buildActionMask = 2147483647;
			files = (
				A4B20C6B1BA1926E00BA531F /* TachDesiginKyotoInakaTests.swift in Sources */,
			);
			runOnlyForDeploymentPostprocessing = 0;
		};
/* End PBXSourcesBuildPhase section */

/* Begin PBXTargetDependency section */
		A4B20C661BA1926E00BA531F /* PBXTargetDependency */ = {
			isa = PBXTargetDependency;
			target = A4B20C4E1BA1926E00BA531F /* TachDesiginKyotoInaka */;
			targetProxy = A4B20C651BA1926E00BA531F /* PBXContainerItemProxy */;
		};
/* End PBXTargetDependency section */

/* Begin PBXVariantGroup section */
		A4B20C581BA1926E00BA531F /* Main.storyboard */ = {
			isa = PBXVariantGroup;
			children = (
				A4B20C591BA1926E00BA531F /* Base */,
			);
			name = Main.storyboard;
			sourceTree = "<group>";
		};
		A4B20C5D1BA1926E00BA531F /* LaunchScreen.xib */ = {
			isa = PBXVariantGroup;
			children = (
				A4B20C5E1BA1926E00BA531F /* Base */,
			);
			name = LaunchScreen.xib;
			sourceTree = "<group>";
		};
/* End PBXVariantGroup section */

/* Begin XCBuildConfiguration section */
		A4B20C6C1BA1926E00BA531F /* Debug */ = {
			isa = XCBuildConfiguration;
			buildSettings = {
				ALWAYS_SEARCH_USER_PATHS = NO;
				CLANG_CXX_LANGUAGE_STANDARD = "gnu++0x";
				CLANG_CXX_LIBRARY = "libc++";
				CLANG_ENABLE_MODULES = YES;
				CLANG_ENABLE_OBJC_ARC = YES;
				CLANG_WARN_BOOL_CONVERSION = YES;
				CLANG_WARN_CONSTANT_CONVERSION = YES;
				CLANG_WARN_DIRECT_OBJC_ISA_USAGE = YES_ERROR;
				CLANG_WARN_EMPTY_BODY = YES;
				CLANG_WARN_ENUM_CONVERSION = YES;
				CLANG_WARN_INT_CONVERSION = YES;
				CLANG_WARN_OBJC_ROOT_CLASS = YES_ERROR;
				CLANG_WARN_UNREACHABLE_CODE = YES;
				CLANG_WARN__DUPLICATE_METHOD_MATCH = YES;
				"CODE_SIGN_IDENTITY[sdk=iphoneos*]" = "iPhone Developer";
				COPY_PHASE_STRIP = NO;
				DEBUG_INFORMATION_FORMAT = "dwarf-with-dsym";
				ENABLE_STRICT_OBJC_MSGSEND = YES;
				GCC_C_LANGUAGE_STANDARD = gnu99;
				GCC_DYNAMIC_NO_PIC = NO;
				GCC_NO_COMMON_BLOCKS = YES;
				GCC_OPTIMIZATION_LEVEL = 0;
				GCC_PREPROCESSOR_DEFINITIONS = (
					"DEBUG=1",
					"$(inherited)",
				);
				GCC_SYMBOLS_PRIVATE_EXTERN = NO;
				GCC_WARN_64_TO_32_BIT_CONVERSION = YES;
				GCC_WARN_ABOUT_RETURN_TYPE = YES_ERROR;
				GCC_WARN_UNDECLARED_SELECTOR = YES;
				GCC_WARN_UNINITIALIZED_AUTOS = YES_AGGRESSIVE;
				GCC_WARN_UNUSED_FUNCTION = YES;
				GCC_WARN_UNUSED_VARIABLE = YES;
				IPHONEOS_DEPLOYMENT_TARGET = 8.4;
				MTL_ENABLE_DEBUG_INFO = YES;
				ONLY_ACTIVE_ARCH = YES;
				SDKROOT = iphoneos;
				SWIFT_OPTIMIZATION_LEVEL = "-Onone";
				TARGETED_DEVICE_FAMILY = "1,2";
			};
			name = Debug;
		};
		A4B20C6D1BA1926E00BA531F /* Release */ = {
			isa = XCBuildConfiguration;
			buildSettings = {
				ALWAYS_SEARCH_USER_PATHS = NO;
				CLANG_CXX_LANGUAGE_STANDARD = "gnu++0x";
				CLANG_CXX_LIBRARY = "libc++";
				CLANG_ENABLE_MODULES = YES;
				CLANG_ENABLE_OBJC_ARC = YES;
				CLANG_WARN_BOOL_CONVERSION = YES;
				CLANG_WARN_CONSTANT_CONVERSION = YES;
				CLANG_WARN_DIRECT_OBJC_ISA_USAGE = YES_ERROR;
				CLANG_WARN_EMPTY_BODY = YES;
				CLANG_WARN_ENUM_CONVERSION = YES;
				CLANG_WARN_INT_CONVERSION = YES;
				CLANG_WARN_OBJC_ROOT_CLASS = YES_ERROR;
				CLANG_WARN_UNREACHABLE_CODE = YES;
				CLANG_WARN__DUPLICATE_METHOD_MATCH = YES;
				"CODE_SIGN_IDENTITY[sdk=iphoneos*]" = "iPhone Developer";
				COPY_PHASE_STRIP = NO;
				DEBUG_INFORMATION_FORMAT = "dwarf-with-dsym";
				ENABLE_NS_ASSERTIONS = NO;
				ENABLE_STRICT_OBJC_MSGSEND = YES;
				GCC_C_LANGUAGE_STANDARD = gnu99;
				GCC_NO_COMMON_BLOCKS = YES;
				GCC_WARN_64_TO_32_BIT_CONVERSION = YES;
				GCC_WARN_ABOUT_RETURN_TYPE = YES_ERROR;
				GCC_WARN_UNDECLARED_SELECTOR = YES;
				GCC_WARN_UNINITIALIZED_AUTOS = YES_AGGRESSIVE;
				GCC_WARN_UNUSED_FUNCTION = YES;
				GCC_WARN_UNUSED_VARIABLE = YES;
				IPHONEOS_DEPLOYMENT_TARGET = 8.4;
				MTL_ENABLE_DEBUG_INFO = NO;
				SDKROOT = iphoneos;
				TARGETED_DEVICE_FAMILY = "1,2";
				VALIDATE_PRODUCT = YES;
			};
			name = Release;
		};
		A4B20C6F1BA1926E00BA531F /* Debug */ = {
			isa = XCBuildConfiguration;
			buildSettings = {
				ASSETCATALOG_COMPILER_APPICON_NAME = AppIcon;
				INFOPLIST_FILE = TachDesiginKyotoInaka/Info.plist;
				IPHONEOS_DEPLOYMENT_TARGET = 8.4;
				LD_RUNPATH_SEARCH_PATHS = "$(inherited) @executable_path/Frameworks";
				PRODUCT_NAME = "$(TARGET_NAME)";
			};
			name = Debug;
		};
		A4B20C701BA1926E00BA531F /* Release */ = {
			isa = XCBuildConfiguration;
			buildSettings = {
				ASSETCATALOG_COMPILER_APPICON_NAME = AppIcon;
				INFOPLIST_FILE = TachDesiginKyotoInaka/Info.plist;
				IPHONEOS_DEPLOYMENT_TARGET = 8.4;
				LD_RUNPATH_SEARCH_PATHS = "$(inherited) @executable_path/Frameworks";
				PRODUCT_NAME = "$(TARGET_NAME)";
			};
			name = Release;
		};
		A4B20C721BA1926E00BA531F /* Debug */ = {
			isa = XCBuildConfiguration;
			buildSettings = {
				BUNDLE_LOADER = "$(TEST_HOST)";
				FRAMEWORK_SEARCH_PATHS = (
					"$(SDKROOT)/Developer/Library/Frameworks",
					"$(inherited)",
				);
				GCC_PREPROCESSOR_DEFINITIONS = (
					"DEBUG=1",
					"$(inherited)",
				);
				INFOPLIST_FILE = TachDesiginKyotoInakaTests/Info.plist;
				LD_RUNPATH_SEARCH_PATHS = "$(inherited) @executable_path/Frameworks @loader_path/Frameworks";
				PRODUCT_NAME = "$(TARGET_NAME)";
				TEST_HOST = "$(BUILT_PRODUCTS_DIR)/TachDesiginKyotoInaka.app/TachDesiginKyotoInaka";
			};
			name = Debug;
		};
		A4B20C731BA1926E00BA531F /* Release */ = {
			isa = XCBuildConfiguration;
			buildSettings = {
				BUNDLE_LOADER = "$(TEST_HOST)";
				FRAMEWORK_SEARCH_PATHS = (
					"$(SDKROOT)/Developer/Library/Frameworks",
					"$(inherited)",
				);
				INFOPLIST_FILE = TachDesiginKyotoInakaTests/Info.plist;
				LD_RUNPATH_SEARCH_PATHS = "$(inherited) @executable_path/Frameworks @loader_path/Frameworks";
				PRODUCT_NAME = "$(TARGET_NAME)";
				TEST_HOST = "$(BUILT_PRODUCTS_DIR)/TachDesiginKyotoInaka.app/TachDesiginKyotoInaka";
			};
			name = Release;
		};
/* End XCBuildConfiguration section */

/* Begin XCConfigurationList section */
		A4B20C4A1BA1926E00BA531F /* Build configuration list for PBXProject "TachDesiginKyotoInaka" */ = {
			isa = XCConfigurationList;
			buildConfigurations = (
				A4B20C6C1BA1926E00BA531F /* Debug */,
				A4B20C6D1BA1926E00BA531F /* Release */,
			);
			defaultConfigurationIsVisible = 0;
			defaultConfigurationName = Release;
		};
		A4B20C6E1BA1926E00BA531F /* Build configuration list for PBXNativeTarget "TachDesiginKyotoInaka" */ = {
			isa = XCConfigurationList;
			buildConfigurations = (
				A4B20C6F1BA1926E00BA531F /* Debug */,
				A4B20C701BA1926E00BA531F /* Release */,
			);
			defaultConfigurationIsVisible = 0;
			defaultConfigurationName = Release;
		};
		A4B20C711BA1926E00BA531F /* Build configuration list for PBXNativeTarget "TachDesiginKyotoInakaTests" */ = {
			isa = XCConfigurationList;
			buildConfigurations = (
				A4B20C721BA1926E00BA531F /* Debug */,
				A4B20C731BA1926E00BA531F /* Release */,
			);
			defaultConfigurationIsVisible = 0;
			defaultConfigurationName = Release;
		};
/* End XCConfigurationList section */
	};
	rootObject = A4B20C471BA1926E00BA531F /* Project object */;
}
