// !$*UTF8*$!
{
	archiveVersion = 1;
	classes = {
	};
	objectVersion = 46;
	objects = {

/* Begin PBXBuildFile section */
		1E54A52E1BAA554800A31079 /* mplus-1c-light.ttf in Resources */ = {isa = PBXBuildFile; fileRef = 1E54A52C1BAA554800A31079 /* mplus-1c-light.ttf */; };
		1E54A52F1BAA554800A31079 /* mplus-1c-regular.ttf in Resources */ = {isa = PBXBuildFile; fileRef = 1E54A52D1BAA554800A31079 /* mplus-1c-regular.ttf */; };
		1E54A5311BAA57AD00A31079 /* mplus-1m-bold.ttf in Resources */ = {isa = PBXBuildFile; fileRef = 1E54A5301BAA57AD00A31079 /* mplus-1m-bold.ttf */; };
		1E5B8C051BA68861002132E3 /* MyPlaylistCollectionViewCell.swift in Sources */ = {isa = PBXBuildFile; fileRef = 1E5B8C041BA68861002132E3 /* MyPlaylistCollectionViewCell.swift */; };
		1E5B8C091BA6B1DD002132E3 /* MyPlaylistCollectionHeaderCell.swift in Sources */ = {isa = PBXBuildFile; fileRef = 1E5B8C081BA6B1DD002132E3 /* MyPlaylistCollectionHeaderCell.swift */; };
		1E8FAB271BA52FD000026055 /* SelectMoodModalViewController.swift in Sources */ = {isa = PBXBuildFile; fileRef = 1E8FAB261BA52FD000026055 /* SelectMoodModalViewController.swift */; };
		1E8FAB291BA5306D00026055 /* ConstantShare.swift in Sources */ = {isa = PBXBuildFile; fileRef = 1E8FAB281BA5306D00026055 /* ConstantShare.swift */; };
		1E8FAB2E1BA5425500026055 /* SelectSongTableViewCell.swift in Sources */ = {isa = PBXBuildFile; fileRef = 1E8FAB2C1BA5425500026055 /* SelectSongTableViewCell.swift */; };
		1E8FAB2F1BA5425500026055 /* SelectSongTableViewCell.xib in Resources */ = {isa = PBXBuildFile; fileRef = 1E8FAB2D1BA5425500026055 /* SelectSongTableViewCell.xib */; };
		1E8FAB311BA543C300026055 /* CheckButton.swift in Sources */ = {isa = PBXBuildFile; fileRef = 1E8FAB301BA543C300026055 /* CheckButton.swift */; };
		1EC692131BA2DBAC00621D53 /* EditOrderSongTableViewCell.swift in Sources */ = {isa = PBXBuildFile; fileRef = 1EC692111BA2DBAC00621D53 /* EditOrderSongTableViewCell.swift */; };
		1EC692141BA2DBAC00621D53 /* EditOrderSongTableViewCell.xib in Resources */ = {isa = PBXBuildFile; fileRef = 1EC692121BA2DBAC00621D53 /* EditOrderSongTableViewCell.xib */; };
		1ECAA04E1BA2633000F9250B /* EditOrderPlayListViewController.swift in Sources */ = {isa = PBXBuildFile; fileRef = 1ECAA04D1BA2633000F9250B /* EditOrderPlayListViewController.swift */; };
		1EF362AF1BA56BE00064284B /* CreatePlaylistViewController.swift in Sources */ = {isa = PBXBuildFile; fileRef = 1EF362AE1BA56BE00064284B /* CreatePlaylistViewController.swift */; };
		1EFD21451BA9BAD500F5C6EB /* MYRIADPRO-REGULAR.OTF in Resources */ = {isa = PBXBuildFile; fileRef = 1EFD21431BA9BAD500F5C6EB /* MYRIADPRO-REGULAR.OTF */; };
		1EFD21461BA9BAD500F5C6EB /* MYRIADPRO-SEMIBOLD.OTF in Resources */ = {isa = PBXBuildFile; fileRef = 1EFD21441BA9BAD500F5C6EB /* MYRIADPRO-SEMIBOLD.OTF */; };
		A413A14D1BA8844F00F50873 /* PlaylistRepository.swift in Sources */ = {isa = PBXBuildFile; fileRef = A413A14C1BA8844F00F50873 /* PlaylistRepository.swift */; };
		A413A1511BA907F800F50873 /* BlurModalViewController.swift in Sources */ = {isa = PBXBuildFile; fileRef = A413A1501BA907F800F50873 /* BlurModalViewController.swift */; };
		A413A1531BA97D5800F50873 /* CompleteViewController.swift in Sources */ = {isa = PBXBuildFile; fileRef = A413A1521BA97D5800F50873 /* CompleteViewController.swift */; };
		A413A1551BA99B1200F50873 /* sharedFlag.swift in Sources */ = {isa = PBXBuildFile; fileRef = A413A1541BA99B1200F50873 /* sharedFlag.swift */; };
		A42F2EF31BA7DCD40060552A /* PageControlCell.swift in Sources */ = {isa = PBXBuildFile; fileRef = A42F2EF21BA7DCD40060552A /* PageControlCell.swift */; };
		A42F2EF71BA7DDA90060552A /* PageControl.swift in Sources */ = {isa = PBXBuildFile; fileRef = A42F2EF61BA7DDA90060552A /* PageControl.swift */; };
		A45EC8D41BAA5DE90018AC01 /* splush.png in Resources */ = {isa = PBXBuildFile; fileRef = A45EC8D31BAA5DE90018AC01 /* splush.png */; };
		A45EC8DA1BAB0A810018AC01 /* Util.swift in Sources */ = {isa = PBXBuildFile; fileRef = A45EC8D91BAB0A810018AC01 /* Util.swift */; };
		A4B025911BA565540056D5E2 /* HomeViewController.swift in Sources */ = {isa = PBXBuildFile; fileRef = A4B025901BA565540056D5E2 /* HomeViewController.swift */; };
		A4B20C551BA1926E00BA531F /* AppDelegate.swift in Sources */ = {isa = PBXBuildFile; fileRef = A4B20C541BA1926E00BA531F /* AppDelegate.swift */; };
		A4B20C5A1BA1926E00BA531F /* Main.storyboard in Resources */ = {isa = PBXBuildFile; fileRef = A4B20C581BA1926E00BA531F /* Main.storyboard */; };
		A4B20C5C1BA1926E00BA531F /* Images.xcassets in Resources */ = {isa = PBXBuildFile; fileRef = A4B20C5B1BA1926E00BA531F /* Images.xcassets */; };
		A4B20C5F1BA1926E00BA531F /* LaunchScreen.xib in Resources */ = {isa = PBXBuildFile; fileRef = A4B20C5D1BA1926E00BA531F /* LaunchScreen.xib */; };
		A4B20C6B1BA1926E00BA531F /* TachDesiginKyotoInakaTests.swift in Sources */ = {isa = PBXBuildFile; fileRef = A4B20C6A1BA1926E00BA531F /* TachDesiginKyotoInakaTests.swift */; };
		A4B20C7F1BA192A600BA531F /* AwaApi.swift in Sources */ = {isa = PBXBuildFile; fileRef = A4B20C741BA192A600BA531F /* AwaApi.swift */; };
		A4B20C801BA192A600BA531F /* FavoritePlayList.swift in Sources */ = {isa = PBXBuildFile; fileRef = A4B20C751BA192A600BA531F /* FavoritePlayList.swift */; };
		A4B20C811BA192A600BA531F /* ItunesApi.swift in Sources */ = {isa = PBXBuildFile; fileRef = A4B20C761BA192A600BA531F /* ItunesApi.swift */; };
		A4B20C841BA192A600BA531F /* MyPlaylist.swift in Sources */ = {isa = PBXBuildFile; fileRef = A4B20C791BA192A600BA531F /* MyPlaylist.swift */; };
		A4B20C861BA192A600BA531F /* Playlist.swift in Sources */ = {isa = PBXBuildFile; fileRef = A4B20C7B1BA192A600BA531F /* Playlist.swift */; };
		A4B20C881BA192A600BA531F /* SelectEightSongViewController.swift in Sources */ = {isa = PBXBuildFile; fileRef = A4B20C7D1BA192A600BA531F /* SelectEightSongViewController.swift */; };
		A4B20C891BA192A600BA531F /* Song.swift in Sources */ = {isa = PBXBuildFile; fileRef = A4B20C7E1BA192A600BA531F /* Song.swift */; };
		A4B20C901BA25F5E00BA531F /* PagingDataController.swift in Sources */ = {isa = PBXBuildFile; fileRef = A4B20C8D1BA25F5E00BA531F /* PagingDataController.swift */; };
		A4B20C911BA25F5E00BA531F /* PagingViewController.swift in Sources */ = {isa = PBXBuildFile; fileRef = A4B20C8E1BA25F5E00BA531F /* PagingViewController.swift */; };
		A4B20C921BA25F5E00BA531F /* PageCellViewController.swift in Sources */ = {isa = PBXBuildFile; fileRef = A4B20C8F1BA25F5E00BA531F /* PageCellViewController.swift */; };
		A4B20C951BA2608C00BA531F /* PreSelectViewController.swift in Sources */ = {isa = PBXBuildFile; fileRef = A4B20C931BA2608C00BA531F /* PreSelectViewController.swift */; };
		A4B20C961BA2608C00BA531F /* SongListViewController.swift in Sources */ = {isa = PBXBuildFile; fileRef = A4B20C941BA2608C00BA531F /* SongListViewController.swift */; };
		A4B20C981BA269A600BA531F /* SongCell.swift in Sources */ = {isa = PBXBuildFile; fileRef = A4B20C971BA269A600BA531F /* SongCell.swift */; };
		A4B20C9B1BA2998500BA531F /* PlaylistListViewController.swift in Sources */ = {isa = PBXBuildFile; fileRef = A4B20C9A1BA2998500BA531F /* PlaylistListViewController.swift */; };
		A4B20C9D1BA29B6E00BA531F /* PlaylistCell.swift in Sources */ = {isa = PBXBuildFile; fileRef = A4B20C9C1BA29B6E00BA531F /* PlaylistCell.swift */; };
		A4B20CA11BA2A35B00BA531F /* PlaylistDetailViewController.swift in Sources */ = {isa = PBXBuildFile; fileRef = A4B20CA01BA2A35B00BA531F /* PlaylistDetailViewController.swift */; };
		A4BC227F1BA2EF0900B588C9 /* PlaylistDetailSongCell.swift in Sources */ = {isa = PBXBuildFile; fileRef = A4BC227E1BA2EF0900B588C9 /* PlaylistDetailSongCell.swift */; };
		A4ECA6631BA68B5D00784B0A /* SelectedSongCell.swift in Sources */ = {isa = PBXBuildFile; fileRef = A4ECA6621BA68B5D00784B0A /* SelectedSongCell.swift */; };
		A4ECA6651BA6DD4000784B0A /* CreatePlaylistNavigationController.swift in Sources */ = {isa = PBXBuildFile; fileRef = A4ECA6641BA6DD4000784B0A /* CreatePlaylistNavigationController.swift */; };
		A4ECA6691BA7C24300784B0A /* SearchViewController.swift in Sources */ = {isa = PBXBuildFile; fileRef = A4ECA6681BA7C24300784B0A /* SearchViewController.swift */; };
		B40202AF1BA46C6B00F7B0B4 /* SongsManager.swift in Sources */ = {isa = PBXBuildFile; fileRef = B40202AE1BA46C6B00F7B0B4 /* SongsManager.swift */; };
		B40202B11BA4738F00F7B0B4 /* Selectable.swift in Sources */ = {isa = PBXBuildFile; fileRef = B40202B01BA4738F00F7B0B4 /* Selectable.swift */; };
		B40400221BA2998C00896839 /* MusicTrackResponse.swift in Sources */ = {isa = PBXBuildFile; fileRef = B40400211BA2998C00896839 /* MusicTrackResponse.swift */; };
		B47B52E51BA2A96F00F3A739 /* ApiClient.swift in Sources */ = {isa = PBXBuildFile; fileRef = B47B52E41BA2A96F00F3A739 /* ApiClient.swift */; };
		B4BCD1781BA2C76600DD82F5 /* PlayerViewController.swift in Sources */ = {isa = PBXBuildFile; fileRef = B4BCD1771BA2C76600DD82F5 /* PlayerViewController.swift */; };
		B4BCD17A1BA2CEFA00DD82F5 /* PlayerManager.swift in Sources */ = {isa = PBXBuildFile; fileRef = B4BCD1791BA2CEFA00DD82F5 /* PlayerManager.swift */; };
		D3680D152C7B109D3EA7D2AE /* Pods.framework in Frameworks */ = {isa = PBXBuildFile; fileRef = 865CBE057C0A2E8E514A3FC3 /* Pods.framework */; };
/* End PBXBuildFile section */

/* Begin PBXContainerItemProxy section */
		A4B20C651BA1926E00BA531F /* PBXContainerItemProxy */ = {
			isa = PBXContainerItemProxy;
			containerPortal = A4B20C471BA1926E00BA531F /* Project object */;
			proxyType = 1;
			remoteGlobalIDString = A4B20C4E1BA1926E00BA531F;
			remoteInfo = TachDesiginKyotoInaka;
		};
/* End PBXContainerItemProxy section */

/* Begin PBXFileReference section */
		1E54A52C1BAA554800A31079 /* mplus-1c-light.ttf */ = {isa = PBXFileReference; lastKnownFileType = file; name = "mplus-1c-light.ttf"; path = "../mplus-1c-light.ttf"; sourceTree = "<group>"; };
		1E54A52D1BAA554800A31079 /* mplus-1c-regular.ttf */ = {isa = PBXFileReference; lastKnownFileType = file; name = "mplus-1c-regular.ttf"; path = "../mplus-1c-regular.ttf"; sourceTree = "<group>"; };
		1E54A5301BAA57AD00A31079 /* mplus-1m-bold.ttf */ = {isa = PBXFileReference; lastKnownFileType = file; name = "mplus-1m-bold.ttf"; path = "../mplus-1m-bold.ttf"; sourceTree = "<group>"; };
		1E5B8C041BA68861002132E3 /* MyPlaylistCollectionViewCell.swift */ = {isa = PBXFileReference; fileEncoding = 4; lastKnownFileType = sourcecode.swift; path = MyPlaylistCollectionViewCell.swift; sourceTree = "<group>"; };
		1E5B8C081BA6B1DD002132E3 /* MyPlaylistCollectionHeaderCell.swift */ = {isa = PBXFileReference; fileEncoding = 4; lastKnownFileType = sourcecode.swift; path = MyPlaylistCollectionHeaderCell.swift; sourceTree = "<group>"; };
		1E8FAB261BA52FD000026055 /* SelectMoodModalViewController.swift */ = {isa = PBXFileReference; fileEncoding = 4; lastKnownFileType = sourcecode.swift; path = SelectMoodModalViewController.swift; sourceTree = "<group>"; };
		1E8FAB281BA5306D00026055 /* ConstantShare.swift */ = {isa = PBXFileReference; fileEncoding = 4; lastKnownFileType = sourcecode.swift; path = ConstantShare.swift; sourceTree = "<group>"; };
		1E8FAB2C1BA5425500026055 /* SelectSongTableViewCell.swift */ = {isa = PBXFileReference; fileEncoding = 4; lastKnownFileType = sourcecode.swift; path = SelectSongTableViewCell.swift; sourceTree = "<group>"; };
		1E8FAB2D1BA5425500026055 /* SelectSongTableViewCell.xib */ = {isa = PBXFileReference; fileEncoding = 4; lastKnownFileType = file.xib; path = SelectSongTableViewCell.xib; sourceTree = "<group>"; };
		1E8FAB301BA543C300026055 /* CheckButton.swift */ = {isa = PBXFileReference; fileEncoding = 4; lastKnownFileType = sourcecode.swift; path = CheckButton.swift; sourceTree = "<group>"; };
		1EC692111BA2DBAC00621D53 /* EditOrderSongTableViewCell.swift */ = {isa = PBXFileReference; fileEncoding = 4; lastKnownFileType = sourcecode.swift; path = EditOrderSongTableViewCell.swift; sourceTree = "<group>"; };
		1EC692121BA2DBAC00621D53 /* EditOrderSongTableViewCell.xib */ = {isa = PBXFileReference; fileEncoding = 4; lastKnownFileType = file.xib; path = EditOrderSongTableViewCell.xib; sourceTree = "<group>"; };
		1ECAA04D1BA2633000F9250B /* EditOrderPlayListViewController.swift */ = {isa = PBXFileReference; fileEncoding = 4; lastKnownFileType = sourcecode.swift; name = EditOrderPlayListViewController.swift; path = ViewController/EditOrderPlayListViewController.swift; sourceTree = "<group>"; };
		1EF362AE1BA56BE00064284B /* CreatePlaylistViewController.swift */ = {isa = PBXFileReference; fileEncoding = 4; lastKnownFileType = sourcecode.swift; path = CreatePlaylistViewController.swift; sourceTree = "<group>"; };
		1EFD21431BA9BAD500F5C6EB /* MYRIADPRO-REGULAR.OTF */ = {isa = PBXFileReference; lastKnownFileType = file; name = "MYRIADPRO-REGULAR.OTF"; path = "../MYRIADPRO-REGULAR.OTF"; sourceTree = "<group>"; };
		1EFD21441BA9BAD500F5C6EB /* MYRIADPRO-SEMIBOLD.OTF */ = {isa = PBXFileReference; lastKnownFileType = file; name = "MYRIADPRO-SEMIBOLD.OTF"; path = "../MYRIADPRO-SEMIBOLD.OTF"; sourceTree = "<group>"; };
		58B18F1FC211CE0D810643A5 /* Pods.debug.xcconfig */ = {isa = PBXFileReference; includeInIndex = 1; lastKnownFileType = text.xcconfig; name = Pods.debug.xcconfig; path = "Pods/Target Support Files/Pods/Pods.debug.xcconfig"; sourceTree = "<group>"; };
		865CBE057C0A2E8E514A3FC3 /* Pods.framework */ = {isa = PBXFileReference; explicitFileType = wrapper.framework; includeInIndex = 0; path = Pods.framework; sourceTree = BUILT_PRODUCTS_DIR; };
		A413A14C1BA8844F00F50873 /* PlaylistRepository.swift */ = {isa = PBXFileReference; fileEncoding = 4; lastKnownFileType = sourcecode.swift; path = PlaylistRepository.swift; sourceTree = "<group>"; };
		A413A1501BA907F800F50873 /* BlurModalViewController.swift */ = {isa = PBXFileReference; fileEncoding = 4; lastKnownFileType = sourcecode.swift; path = BlurModalViewController.swift; sourceTree = "<group>"; };
		A413A1521BA97D5800F50873 /* CompleteViewController.swift */ = {isa = PBXFileReference; fileEncoding = 4; lastKnownFileType = sourcecode.swift; path = CompleteViewController.swift; sourceTree = "<group>"; };
		A413A1541BA99B1200F50873 /* sharedFlag.swift */ = {isa = PBXFileReference; fileEncoding = 4; lastKnownFileType = sourcecode.swift; path = sharedFlag.swift; sourceTree = "<group>"; };
		A42F2EF21BA7DCD40060552A /* PageControlCell.swift */ = {isa = PBXFileReference; fileEncoding = 4; lastKnownFileType = sourcecode.swift; path = PageControlCell.swift; sourceTree = "<group>"; };
		A42F2EF61BA7DDA90060552A /* PageControl.swift */ = {isa = PBXFileReference; fileEncoding = 4; lastKnownFileType = sourcecode.swift; path = PageControl.swift; sourceTree = "<group>"; };
		A45EC8D31BAA5DE90018AC01 /* splush.png */ = {isa = PBXFileReference; lastKnownFileType = image.png; path = splush.png; sourceTree = "<group>"; };
		A45EC8D91BAB0A810018AC01 /* Util.swift */ = {isa = PBXFileReference; fileEncoding = 4; lastKnownFileType = sourcecode.swift; name = Util.swift; path = ../Util.swift; sourceTree = "<group>"; };
		A4B025901BA565540056D5E2 /* HomeViewController.swift */ = {isa = PBXFileReference; fileEncoding = 4; lastKnownFileType = sourcecode.swift; path = HomeViewController.swift; sourceTree = "<group>"; };
		A4B20C4F1BA1926E00BA531F /* TachDesiginKyotoInaka.app */ = {isa = PBXFileReference; explicitFileType = wrapper.application; includeInIndex = 0; path = TachDesiginKyotoInaka.app; sourceTree = BUILT_PRODUCTS_DIR; };
		A4B20C531BA1926E00BA531F /* Info.plist */ = {isa = PBXFileReference; lastKnownFileType = text.plist.xml; path = Info.plist; sourceTree = "<group>"; };
		A4B20C541BA1926E00BA531F /* AppDelegate.swift */ = {isa = PBXFileReference; lastKnownFileType = sourcecode.swift; path = AppDelegate.swift; sourceTree = "<group>"; };
		A4B20C591BA1926E00BA531F /* Base */ = {isa = PBXFileReference; lastKnownFileType = file.storyboard; name = Base; path = Base.lproj/Main.storyboard; sourceTree = "<group>"; };
		A4B20C5B1BA1926E00BA531F /* Images.xcassets */ = {isa = PBXFileReference; lastKnownFileType = folder.assetcatalog; path = Images.xcassets; sourceTree = "<group>"; };
		A4B20C5E1BA1926E00BA531F /* Base */ = {isa = PBXFileReference; lastKnownFileType = file.xib; name = Base; path = Base.lproj/LaunchScreen.xib; sourceTree = "<group>"; };
		A4B20C641BA1926E00BA531F /* TachDesiginKyotoInakaTests.xctest */ = {isa = PBXFileReference; explicitFileType = wrapper.cfbundle; includeInIndex = 0; path = TachDesiginKyotoInakaTests.xctest; sourceTree = BUILT_PRODUCTS_DIR; };
		A4B20C691BA1926E00BA531F /* Info.plist */ = {isa = PBXFileReference; lastKnownFileType = text.plist.xml; path = Info.plist; sourceTree = "<group>"; };
		A4B20C6A1BA1926E00BA531F /* TachDesiginKyotoInakaTests.swift */ = {isa = PBXFileReference; lastKnownFileType = sourcecode.swift; path = TachDesiginKyotoInakaTests.swift; sourceTree = "<group>"; };
		A4B20C741BA192A600BA531F /* AwaApi.swift */ = {isa = PBXFileReference; fileEncoding = 4; lastKnownFileType = sourcecode.swift; name = AwaApi.swift; path = API/AwaApi.swift; sourceTree = "<group>"; };
		A4B20C751BA192A600BA531F /* FavoritePlayList.swift */ = {isa = PBXFileReference; fileEncoding = 4; lastKnownFileType = sourcecode.swift; name = FavoritePlayList.swift; path = Model/FavoritePlayList.swift; sourceTree = "<group>"; };
		A4B20C761BA192A600BA531F /* ItunesApi.swift */ = {isa = PBXFileReference; fileEncoding = 4; lastKnownFileType = sourcecode.swift; name = ItunesApi.swift; path = API/ItunesApi.swift; sourceTree = "<group>"; };
		A4B20C791BA192A600BA531F /* MyPlaylist.swift */ = {isa = PBXFileReference; fileEncoding = 4; lastKnownFileType = sourcecode.swift; name = MyPlaylist.swift; path = Model/MyPlaylist.swift; sourceTree = "<group>"; };
		A4B20C7B1BA192A600BA531F /* Playlist.swift */ = {isa = PBXFileReference; fileEncoding = 4; lastKnownFileType = sourcecode.swift; name = Playlist.swift; path = Model/Playlist.swift; sourceTree = "<group>"; };
		A4B20C7D1BA192A600BA531F /* SelectEightSongViewController.swift */ = {isa = PBXFileReference; fileEncoding = 4; lastKnownFileType = sourcecode.swift; name = SelectEightSongViewController.swift; path = ViewController/SelectEightSongViewController.swift; sourceTree = "<group>"; };
		A4B20C7E1BA192A600BA531F /* Song.swift */ = {isa = PBXFileReference; fileEncoding = 4; lastKnownFileType = sourcecode.swift; name = Song.swift; path = Model/Song.swift; sourceTree = "<group>"; };
		A4B20C8D1BA25F5E00BA531F /* PagingDataController.swift */ = {isa = PBXFileReference; fileEncoding = 4; lastKnownFileType = sourcecode.swift; name = PagingDataController.swift; path = ViewController/PagingDataController.swift; sourceTree = "<group>"; };
		A4B20C8E1BA25F5E00BA531F /* PagingViewController.swift */ = {isa = PBXFileReference; fileEncoding = 4; lastKnownFileType = sourcecode.swift; name = PagingViewController.swift; path = ViewController/PagingViewController.swift; sourceTree = "<group>"; };
		A4B20C8F1BA25F5E00BA531F /* PageCellViewController.swift */ = {isa = PBXFileReference; fileEncoding = 4; lastKnownFileType = sourcecode.swift; name = PageCellViewController.swift; path = ViewController/PageCellViewController.swift; sourceTree = "<group>"; };
		A4B20C931BA2608C00BA531F /* PreSelectViewController.swift */ = {isa = PBXFileReference; fileEncoding = 4; lastKnownFileType = sourcecode.swift; name = PreSelectViewController.swift; path = ViewController/PreSelectViewController.swift; sourceTree = "<group>"; };
		A4B20C941BA2608C00BA531F /* SongListViewController.swift */ = {isa = PBXFileReference; fileEncoding = 4; lastKnownFileType = sourcecode.swift; path = SongListViewController.swift; sourceTree = "<group>"; };
		A4B20C971BA269A600BA531F /* SongCell.swift */ = {isa = PBXFileReference; fileEncoding = 4; lastKnownFileType = sourcecode.swift; path = SongCell.swift; sourceTree = "<group>"; };
		A4B20C9A1BA2998500BA531F /* PlaylistListViewController.swift */ = {isa = PBXFileReference; fileEncoding = 4; lastKnownFileType = sourcecode.swift; name = PlaylistListViewController.swift; path = ViewController/PlaylistListViewController.swift; sourceTree = "<group>"; };
		A4B20C9C1BA29B6E00BA531F /* PlaylistCell.swift */ = {isa = PBXFileReference; fileEncoding = 4; lastKnownFileType = sourcecode.swift; name = PlaylistCell.swift; path = ViewController/PlaylistCell.swift; sourceTree = "<group>"; };
		A4B20CA01BA2A35B00BA531F /* PlaylistDetailViewController.swift */ = {isa = PBXFileReference; fileEncoding = 4; lastKnownFileType = sourcecode.swift; name = PlaylistDetailViewController.swift; path = ViewController/PlaylistDetailViewController.swift; sourceTree = "<group>"; };
		A4BC227E1BA2EF0900B588C9 /* PlaylistDetailSongCell.swift */ = {isa = PBXFileReference; fileEncoding = 4; lastKnownFileType = sourcecode.swift; name = PlaylistDetailSongCell.swift; path = ViewController/PlaylistDetailSongCell.swift; sourceTree = "<group>"; };
		A4ECA6621BA68B5D00784B0A /* SelectedSongCell.swift */ = {isa = PBXFileReference; fileEncoding = 4; lastKnownFileType = sourcecode.swift; path = SelectedSongCell.swift; sourceTree = "<group>"; };
		A4ECA6641BA6DD4000784B0A /* CreatePlaylistNavigationController.swift */ = {isa = PBXFileReference; fileEncoding = 4; lastKnownFileType = sourcecode.swift; path = CreatePlaylistNavigationController.swift; sourceTree = "<group>"; };
		A4ECA6681BA7C24300784B0A /* SearchViewController.swift */ = {isa = PBXFileReference; fileEncoding = 4; lastKnownFileType = sourcecode.swift; path = SearchViewController.swift; sourceTree = "<group>"; };
		B40202AE1BA46C6B00F7B0B4 /* SongsManager.swift */ = {isa = PBXFileReference; fileEncoding = 4; lastKnownFileType = sourcecode.swift; path = SongsManager.swift; sourceTree = "<group>"; };
		B40202B01BA4738F00F7B0B4 /* Selectable.swift */ = {isa = PBXFileReference; fileEncoding = 4; lastKnownFileType = sourcecode.swift; path = Selectable.swift; sourceTree = "<group>"; };
		B40400211BA2998C00896839 /* MusicTrackResponse.swift */ = {isa = PBXFileReference; fileEncoding = 4; lastKnownFileType = sourcecode.swift; name = MusicTrackResponse.swift; path = Model/MusicTrackResponse.swift; sourceTree = "<group>"; };
		B47B52E41BA2A96F00F3A739 /* ApiClient.swift */ = {isa = PBXFileReference; fileEncoding = 4; lastKnownFileType = sourcecode.swift; name = ApiClient.swift; path = API/ApiClient.swift; sourceTree = "<group>"; };
		B4BCD1771BA2C76600DD82F5 /* PlayerViewController.swift */ = {isa = PBXFileReference; fileEncoding = 4; lastKnownFileType = sourcecode.swift; name = PlayerViewController.swift; path = ViewController/PlayerViewController.swift; sourceTree = "<group>"; };
		B4BCD1791BA2CEFA00DD82F5 /* PlayerManager.swift */ = {isa = PBXFileReference; fileEncoding = 4; lastKnownFileType = sourcecode.swift; path = PlayerManager.swift; sourceTree = "<group>"; };
		DF14468BD71C2DD80759279E /* Pods.release.xcconfig */ = {isa = PBXFileReference; includeInIndex = 1; lastKnownFileType = text.xcconfig; name = Pods.release.xcconfig; path = "Pods/Target Support Files/Pods/Pods.release.xcconfig"; sourceTree = "<group>"; };
/* End PBXFileReference section */

/* Begin PBXFrameworksBuildPhase section */
		A4B20C4C1BA1926E00BA531F /* Frameworks */ = {
			isa = PBXFrameworksBuildPhase;
			buildActionMask = 2147483647;
			files = (
				D3680D152C7B109D3EA7D2AE /* Pods.framework in Frameworks */,
			);
			runOnlyForDeploymentPostprocessing = 0;
		};
		A4B20C611BA1926E00BA531F /* Frameworks */ = {
			isa = PBXFrameworksBuildPhase;
			buildActionMask = 2147483647;
			files = (
			);
			runOnlyForDeploymentPostprocessing = 0;
		};
/* End PBXFrameworksBuildPhase section */

/* Begin PBXGroup section */
		1E5B8C031BA687A2002132E3 /* HomePage */ = {
			isa = PBXGroup;
			children = (
				A4B025901BA565540056D5E2 /* HomeViewController.swift */,
				1E5B8C041BA68861002132E3 /* MyPlaylistCollectionViewCell.swift */,
				1E5B8C081BA6B1DD002132E3 /* MyPlaylistCollectionHeaderCell.swift */,
			);
			name = HomePage;
			sourceTree = "<group>";
		};
		1EC692101BA2DB7500621D53 /* EditOrderSongPage */ = {
			isa = PBXGroup;
			children = (
				1ECAA04D1BA2633000F9250B /* EditOrderPlayListViewController.swift */,
				1EC692111BA2DBAC00621D53 /* EditOrderSongTableViewCell.swift */,
				1EC692121BA2DBAC00621D53 /* EditOrderSongTableViewCell.xib */,
			);
			name = EditOrderSongPage;
			sourceTree = "<group>";
		};
		1EFD21471BA9BBFF00F5C6EB /* Fonts */ = {
			isa = PBXGroup;
			children = (
				1E54A5301BAA57AD00A31079 /* mplus-1m-bold.ttf */,
				1E54A52D1BAA554800A31079 /* mplus-1c-regular.ttf */,
				1E54A52C1BAA554800A31079 /* mplus-1c-light.ttf */,
				1EFD21431BA9BAD500F5C6EB /* MYRIADPRO-REGULAR.OTF */,
				1EFD21441BA9BAD500F5C6EB /* MYRIADPRO-SEMIBOLD.OTF */,
			);
			name = Fonts;
			sourceTree = "<group>";
		};
		A45EC8D51BAA73F70018AC01 /* Media */ = {
			isa = PBXGroup;
			children = (
				A45EC8D31BAA5DE90018AC01 /* splush.png */,
				1EFD21471BA9BBFF00F5C6EB /* Fonts */,
			);
			name = Media;
			sourceTree = "<group>";
		};
		A45EC8D61BAA761B0018AC01 /* PlaylistDetail */ = {
			isa = PBXGroup;
			children = (
				A4B20CA01BA2A35B00BA531F /* PlaylistDetailViewController.swift */,
				A4BC227E1BA2EF0900B588C9 /* PlaylistDetailSongCell.swift */,
			);
			name = PlaylistDetail;
			sourceTree = "<group>";
		};
		A45EC8D71BAA76620018AC01 /* Manager */ = {
			isa = PBXGroup;
			children = (
				A413A1541BA99B1200F50873 /* sharedFlag.swift */,
				B4BCD1791BA2CEFA00DD82F5 /* PlayerManager.swift */,
				B40202AE1BA46C6B00F7B0B4 /* SongsManager.swift */,
			);
			name = Manager;
			sourceTree = "<group>";
		};
		A45EC8D81BAA767B0018AC01 /* Constant */ = {
			isa = PBXGroup;
			children = (
				1E8FAB281BA5306D00026055 /* ConstantShare.swift */,
			);
			name = Constant;
			sourceTree = "<group>";
		};
		A4B025931BA5C1E00056D5E2 /* SelectEightSong */ = {
			isa = PBXGroup;
			children = (
				A4B20C7D1BA192A600BA531F /* SelectEightSongViewController.swift */,
				1E8FAB2C1BA5425500026055 /* SelectSongTableViewCell.swift */,
				1E8FAB2D1BA5425500026055 /* SelectSongTableViewCell.xib */,
				1E8FAB301BA543C300026055 /* CheckButton.swift */,
				1E8FAB261BA52FD000026055 /* SelectMoodModalViewController.swift */,
				A4ECA6621BA68B5D00784B0A /* SelectedSongCell.swift */,
			);
			name = SelectEightSong;
			sourceTree = "<group>";
		};
		A4B20C461BA1926E00BA531F = {
			isa = PBXGroup;
			children = (
				A4B20C511BA1926E00BA531F /* TachDesiginKyotoInaka */,
				A4B20C671BA1926E00BA531F /* TachDesiginKyotoInakaTests */,
				A4B20C501BA1926E00BA531F /* Products */,
				AE8414A8596C6924563D4008 /* Pods */,
				D761E35FA392C0E30943618A /* Frameworks */,
			);
			sourceTree = "<group>";
		};
		A4B20C501BA1926E00BA531F /* Products */ = {
			isa = PBXGroup;
			children = (
				A4B20C4F1BA1926E00BA531F /* TachDesiginKyotoInaka.app */,
				A4B20C641BA1926E00BA531F /* TachDesiginKyotoInakaTests.xctest */,
			);
			name = Products;
			sourceTree = "<group>";
		};
		A4B20C511BA1926E00BA531F /* TachDesiginKyotoInaka */ = {
			isa = PBXGroup;
			children = (
				A4B20C541BA1926E00BA531F /* AppDelegate.swift */,
				A45EC8D91BAB0A810018AC01 /* Util.swift */,
				A45EC8D81BAA767B0018AC01 /* Constant */,
				A45EC8D71BAA76620018AC01 /* Manager */,
				A45EC8D51BAA73F70018AC01 /* Media */,
				A4B20C8C1BA192E600BA531F /* ViewController */,
				A4B20C8B1BA192D200BA531F /* Model */,
				A4B20C8A1BA192C700BA531F /* Api */,
				A4B20C581BA1926E00BA531F /* Main.storyboard */,
				A4B20C5D1BA1926E00BA531F /* LaunchScreen.xib */,
				A4B20C5B1BA1926E00BA531F /* Images.xcassets */,
				A4B20C521BA1926E00BA531F /* Supporting Files */,
			);
			path = TachDesiginKyotoInaka;
			sourceTree = "<group>";
		};
		A4B20C521BA1926E00BA531F /* Supporting Files */ = {
			isa = PBXGroup;
			children = (
				A4B20C531BA1926E00BA531F /* Info.plist */,
			);
			name = "Supporting Files";
			sourceTree = "<group>";
		};
		A4B20C671BA1926E00BA531F /* TachDesiginKyotoInakaTests */ = {
			isa = PBXGroup;
			children = (
				A4B20C6A1BA1926E00BA531F /* TachDesiginKyotoInakaTests.swift */,
				A4B20C681BA1926E00BA531F /* Supporting Files */,
			);
			path = TachDesiginKyotoInakaTests;
			sourceTree = "<group>";
		};
		A4B20C681BA1926E00BA531F /* Supporting Files */ = {
			isa = PBXGroup;
			children = (
				A4B20C691BA1926E00BA531F /* Info.plist */,
			);
			name = "Supporting Files";
			sourceTree = "<group>";
		};
		A4B20C8A1BA192C700BA531F /* Api */ = {
			isa = PBXGroup;
			children = (
				A4B20C761BA192A600BA531F /* ItunesApi.swift */,
				A4B20C741BA192A600BA531F /* AwaApi.swift */,
				B47B52E41BA2A96F00F3A739 /* ApiClient.swift */,
			);
			name = Api;
			sourceTree = "<group>";
		};
		A4B20C8B1BA192D200BA531F /* Model */ = {
			isa = PBXGroup;
			children = (
				A4B20C7E1BA192A600BA531F /* Song.swift */,
				A4B20C751BA192A600BA531F /* FavoritePlayList.swift */,
				A4B20C791BA192A600BA531F /* MyPlaylist.swift */,
				A4B20C7B1BA192A600BA531F /* Playlist.swift */,
				B40400211BA2998C00896839 /* MusicTrackResponse.swift */,
				B40202B01BA4738F00F7B0B4 /* Selectable.swift */,
				A413A14C1BA8844F00F50873 /* PlaylistRepository.swift */,
			);
			name = Model;
			sourceTree = "<group>";
		};
		A4B20C8C1BA192E600BA531F /* ViewController */ = {
			isa = PBXGroup;
			children = (
				A4ECA6641BA6DD4000784B0A /* CreatePlaylistNavigationController.swift */,
				A45EC8D61BAA761B0018AC01 /* PlaylistDetail */,
				1E5B8C031BA687A2002132E3 /* HomePage */,
				1EC692101BA2DB7500621D53 /* EditOrderSongPage */,
				A4B20C991BA269AD00BA531F /* PreSelectPage */,
				A4B025931BA5C1E00056D5E2 /* SelectEightSong */,
				1EF362AE1BA56BE00064284B /* CreatePlaylistViewController.swift */,
				B4BCD1771BA2C76600DD82F5 /* PlayerViewController.swift */,
				A413A1501BA907F800F50873 /* BlurModalViewController.swift */,
				A413A1521BA97D5800F50873 /* CompleteViewController.swift */,
			);
			name = ViewController;
			sourceTree = "<group>";
		};
		A4B20C991BA269AD00BA531F /* PreSelectPage */ = {
			isa = PBXGroup;
			children = (
				A42F2EF61BA7DDA90060552A /* PageControl.swift */,
				A42F2EF21BA7DCD40060552A /* PageControlCell.swift */,
				A4B20C931BA2608C00BA531F /* PreSelectViewController.swift */,
				A4ECA6681BA7C24300784B0A /* SearchViewController.swift */,
				A4BC227D1BA2D2D600B588C9 /* SongList */,
				A4B20CA51BA2ADF600BA531F /* PlaylistList */,
				A4B20CA21BA2A37100BA531F /* lib */,
			);
			name = PreSelectPage;
			sourceTree = "<group>";
		};
		A4B20CA21BA2A37100BA531F /* lib */ = {
			isa = PBXGroup;
			children = (
				A4B20C8D1BA25F5E00BA531F /* PagingDataController.swift */,
				A4B20C8E1BA25F5E00BA531F /* PagingViewController.swift */,
				A4B20C8F1BA25F5E00BA531F /* PageCellViewController.swift */,
			);
			name = lib;
			sourceTree = "<group>";
		};
		A4B20CA51BA2ADF600BA531F /* PlaylistList */ = {
			isa = PBXGroup;
			children = (
				A4B20C9C1BA29B6E00BA531F /* PlaylistCell.swift */,
				A4B20C9A1BA2998500BA531F /* PlaylistListViewController.swift */,
			);
			name = PlaylistList;
			sourceTree = "<group>";
		};
		A4BC227D1BA2D2D600B588C9 /* SongList */ = {
			isa = PBXGroup;
			children = (
				A4B20C941BA2608C00BA531F /* SongListViewController.swift */,
				A4B20C971BA269A600BA531F /* SongCell.swift */,
			);
			name = SongList;
			sourceTree = "<group>";
		};
		AE8414A8596C6924563D4008 /* Pods */ = {
			isa = PBXGroup;
			children = (
				58B18F1FC211CE0D810643A5 /* Pods.debug.xcconfig */,
				DF14468BD71C2DD80759279E /* Pods.release.xcconfig */,
			);
			name = Pods;
			sourceTree = "<group>";
		};
		D761E35FA392C0E30943618A /* Frameworks */ = {
			isa = PBXGroup;
			children = (
				865CBE057C0A2E8E514A3FC3 /* Pods.framework */,
			);
			name = Frameworks;
			sourceTree = "<group>";
		};
/* End PBXGroup section */

/* Begin PBXNativeTarget section */
		A4B20C4E1BA1926E00BA531F /* TachDesiginKyotoInaka */ = {
			isa = PBXNativeTarget;
			buildConfigurationList = A4B20C6E1BA1926E00BA531F /* Build configuration list for PBXNativeTarget "TachDesiginKyotoInaka" */;
			buildPhases = (
				B49A0FDC2C5A8F697E430C1B /* Check Pods Manifest.lock */,
				A4B20C4B1BA1926E00BA531F /* Sources */,
				A4B20C4C1BA1926E00BA531F /* Frameworks */,
				A4B20C4D1BA1926E00BA531F /* Resources */,
				5FBF95C60C9F361CC7D1AA50 /* Embed Pods Frameworks */,
				965EA7EC7369F260DEE73C41 /* Copy Pods Resources */,
			);
			buildRules = (
			);
			dependencies = (
			);
			name = TachDesiginKyotoInaka;
			productName = TachDesiginKyotoInaka;
			productReference = A4B20C4F1BA1926E00BA531F /* TachDesiginKyotoInaka.app */;
			productType = "com.apple.product-type.application";
		};
		A4B20C631BA1926E00BA531F /* TachDesiginKyotoInakaTests */ = {
			isa = PBXNativeTarget;
			buildConfigurationList = A4B20C711BA1926E00BA531F /* Build configuration list for PBXNativeTarget "TachDesiginKyotoInakaTests" */;
			buildPhases = (
				A4B20C601BA1926E00BA531F /* Sources */,
				A4B20C611BA1926E00BA531F /* Frameworks */,
				A4B20C621BA1926E00BA531F /* Resources */,
			);
			buildRules = (
			);
			dependencies = (
				A4B20C661BA1926E00BA531F /* PBXTargetDependency */,
			);
			name = TachDesiginKyotoInakaTests;
			productName = TachDesiginKyotoInakaTests;
			productReference = A4B20C641BA1926E00BA531F /* TachDesiginKyotoInakaTests.xctest */;
			productType = "com.apple.product-type.bundle.unit-test";
		};
/* End PBXNativeTarget section */

/* Begin PBXProject section */
		A4B20C471BA1926E00BA531F /* Project object */ = {
			isa = PBXProject;
			attributes = {
				LastSwiftUpdateCheck = 0700;
				LastUpgradeCheck = 0730;
				ORGANIZATIONNAME = NextVanguard;
				TargetAttributes = {
					A4B20C4E1BA1926E00BA531F = {
						CreatedOnToolsVersion = 6.4;
						DevelopmentTeam = S2QVPRJ4JH;
					};
					A4B20C631BA1926E00BA531F = {
						CreatedOnToolsVersion = 6.4;
						TestTargetID = A4B20C4E1BA1926E00BA531F;
					};
				};
			};
			buildConfigurationList = A4B20C4A1BA1926E00BA531F /* Build configuration list for PBXProject "TachDesiginKyotoInaka" */;
			compatibilityVersion = "Xcode 3.2";
			developmentRegion = English;
			hasScannedForEncodings = 0;
			knownRegions = (
				en,
				Base,
			);
			mainGroup = A4B20C461BA1926E00BA531F;
			productRefGroup = A4B20C501BA1926E00BA531F /* Products */;
			projectDirPath = "";
			projectRoot = "";
			targets = (
				A4B20C4E1BA1926E00BA531F /* TachDesiginKyotoInaka */,
				A4B20C631BA1926E00BA531F /* TachDesiginKyotoInakaTests */,
			);
		};
/* End PBXProject section */

/* Begin PBXResourcesBuildPhase section */
		A4B20C4D1BA1926E00BA531F /* Resources */ = {
			isa = PBXResourcesBuildPhase;
			buildActionMask = 2147483647;
			files = (
				1E54A5311BAA57AD00A31079 /* mplus-1m-bold.ttf in Resources */,
				1E54A52E1BAA554800A31079 /* mplus-1c-light.ttf in Resources */,
				1E54A52F1BAA554800A31079 /* mplus-1c-regular.ttf in Resources */,
				1EFD21451BA9BAD500F5C6EB /* MYRIADPRO-REGULAR.OTF in Resources */,
				1EFD21461BA9BAD500F5C6EB /* MYRIADPRO-SEMIBOLD.OTF in Resources */,
				A4B20C5A1BA1926E00BA531F /* Main.storyboard in Resources */,
				A45EC8D41BAA5DE90018AC01 /* splush.png in Resources */,
				A4B20C5F1BA1926E00BA531F /* LaunchScreen.xib in Resources */,
				1E8FAB2F1BA5425500026055 /* SelectSongTableViewCell.xib in Resources */,
				A4B20C5C1BA1926E00BA531F /* Images.xcassets in Resources */,
				1EC692141BA2DBAC00621D53 /* EditOrderSongTableViewCell.xib in Resources */,
			);
			runOnlyForDeploymentPostprocessing = 0;
		};
		A4B20C621BA1926E00BA531F /* Resources */ = {
			isa = PBXResourcesBuildPhase;
			buildActionMask = 2147483647;
			files = (
			);
			runOnlyForDeploymentPostprocessing = 0;
		};
/* End PBXResourcesBuildPhase section */

/* Begin PBXShellScriptBuildPhase section */
		5FBF95C60C9F361CC7D1AA50 /* Embed Pods Frameworks */ = {
			isa = PBXShellScriptBuildPhase;
			buildActionMask = 2147483647;
			files = (
			);
			inputPaths = (
			);
			name = "Embed Pods Frameworks";
			outputPaths = (
			);
			runOnlyForDeploymentPostprocessing = 0;
			shellPath = /bin/sh;
			shellScript = "\"${SRCROOT}/Pods/Target Support Files/Pods/Pods-frameworks.sh\"\n";
			showEnvVarsInLog = 0;
		};
		965EA7EC7369F260DEE73C41 /* Copy Pods Resources */ = {
			isa = PBXShellScriptBuildPhase;
			buildActionMask = 2147483647;
			files = (
			);
			inputPaths = (
			);
			name = "Copy Pods Resources";
			outputPaths = (
			);
			runOnlyForDeploymentPostprocessing = 0;
			shellPath = /bin/sh;
			shellScript = "\"${SRCROOT}/Pods/Target Support Files/Pods/Pods-resources.sh\"\n";
			showEnvVarsInLog = 0;
		};
		B49A0FDC2C5A8F697E430C1B /* Check Pods Manifest.lock */ = {
			isa = PBXShellScriptBuildPhase;
			buildActionMask = 2147483647;
			files = (
			);
			inputPaths = (
			);
			name = "Check Pods Manifest.lock";
			outputPaths = (
			);
			runOnlyForDeploymentPostprocessing = 0;
			shellPath = /bin/sh;
			shellScript = "diff \"${PODS_ROOT}/../Podfile.lock\" \"${PODS_ROOT}/Manifest.lock\" > /dev/null\nif [[ $? != 0 ]] ; then\n    cat << EOM\nerror: The sandbox is not in sync with the Podfile.lock. Run 'pod install' or update your CocoaPods installation.\nEOM\n    exit 1\nfi\n";
			showEnvVarsInLog = 0;
		};
/* End PBXShellScriptBuildPhase section */

/* Begin PBXSourcesBuildPhase section */
		A4B20C4B1BA1926E00BA531F /* Sources */ = {
			isa = PBXSourcesBuildPhase;
			buildActionMask = 2147483647;
			files = (
				A4B20C921BA25F5E00BA531F /* PageCellViewController.swift in Sources */,
				1ECAA04E1BA2633000F9250B /* EditOrderPlayListViewController.swift in Sources */,
				A4B025911BA565540056D5E2 /* HomeViewController.swift in Sources */,
				A413A1551BA99B1200F50873 /* sharedFlag.swift in Sources */,
				A4ECA6651BA6DD4000784B0A /* CreatePlaylistNavigationController.swift in Sources */,
				A4B20C551BA1926E00BA531F /* AppDelegate.swift in Sources */,
				A4B20C7F1BA192A600BA531F /* AwaApi.swift in Sources */,
				A4B20CA11BA2A35B00BA531F /* PlaylistDetailViewController.swift in Sources */,
				1E8FAB2E1BA5425500026055 /* SelectSongTableViewCell.swift in Sources */,
				A4B20C961BA2608C00BA531F /* SongListViewController.swift in Sources */,
				A4ECA6691BA7C24300784B0A /* SearchViewController.swift in Sources */,
				A45EC8DA1BAB0A810018AC01 /* Util.swift in Sources */,
				1E8FAB311BA543C300026055 /* CheckButton.swift in Sources */,
				A4B20C841BA192A600BA531F /* MyPlaylist.swift in Sources */,
				A4B20C811BA192A600BA531F /* ItunesApi.swift in Sources */,
				A42F2EF31BA7DCD40060552A /* PageControlCell.swift in Sources */,
				B40202AF1BA46C6B00F7B0B4 /* SongsManager.swift in Sources */,
				1E5B8C051BA68861002132E3 /* MyPlaylistCollectionViewCell.swift in Sources */,
				1EF362AF1BA56BE00064284B /* CreatePlaylistViewController.swift in Sources */,
				A4B20C9D1BA29B6E00BA531F /* PlaylistCell.swift in Sources */,
				A413A1531BA97D5800F50873 /* CompleteViewController.swift in Sources */,
				A4B20C9B1BA2998500BA531F /* PlaylistListViewController.swift in Sources */,
				B4BCD17A1BA2CEFA00DD82F5 /* PlayerManager.swift in Sources */,
				1E5B8C091BA6B1DD002132E3 /* MyPlaylistCollectionHeaderCell.swift in Sources */,
				A4B20C801BA192A600BA531F /* FavoritePlayList.swift in Sources */,
				A42F2EF71BA7DDA90060552A /* PageControl.swift in Sources */,
				A4B20C901BA25F5E00BA531F /* PagingDataController.swift in Sources */,
				A413A14D1BA8844F00F50873 /* PlaylistRepository.swift in Sources */,
				A4BC227F1BA2EF0900B588C9 /* PlaylistDetailSongCell.swift in Sources */,
				B47B52E51BA2A96F00F3A739 /* ApiClient.swift in Sources */,
				B40400221BA2998C00896839 /* MusicTrackResponse.swift in Sources */,
				A4B20C951BA2608C00BA531F /* PreSelectViewController.swift in Sources */,
				B4BCD1781BA2C76600DD82F5 /* PlayerViewController.swift in Sources */,
				A4B20C881BA192A600BA531F /* SelectEightSongViewController.swift in Sources */,
				A4B20C891BA192A600BA531F /* Song.swift in Sources */,
				1EC692131BA2DBAC00621D53 /* EditOrderSongTableViewCell.swift in Sources */,
				A4ECA6631BA68B5D00784B0A /* SelectedSongCell.swift in Sources */,
				1E8FAB291BA5306D00026055 /* ConstantShare.swift in Sources */,
				A4B20C911BA25F5E00BA531F /* PagingViewController.swift in Sources */,
				1E8FAB271BA52FD000026055 /* SelectMoodModalViewController.swift in Sources */,
				A4B20C981BA269A600BA531F /* SongCell.swift in Sources */,
				A4B20C861BA192A600BA531F /* Playlist.swift in Sources */,
				B40202B11BA4738F00F7B0B4 /* Selectable.swift in Sources */,
				A413A1511BA907F800F50873 /* BlurModalViewController.swift in Sources */,
			);
			runOnlyForDeploymentPostprocessing = 0;
		};
		A4B20C601BA1926E00BA531F /* Sources */ = {
			isa = PBXSourcesBuildPhase;
			buildActionMask = 2147483647;
			files = (
				A4B20C6B1BA1926E00BA531F /* TachDesiginKyotoInakaTests.swift in Sources */,
			);
			runOnlyForDeploymentPostprocessing = 0;
		};
/* End PBXSourcesBuildPhase section */

/* Begin PBXTargetDependency section */
		A4B20C661BA1926E00BA531F /* PBXTargetDependency */ = {
			isa = PBXTargetDependency;
			target = A4B20C4E1BA1926E00BA531F /* TachDesiginKyotoInaka */;
			targetProxy = A4B20C651BA1926E00BA531F /* PBXContainerItemProxy */;
		};
/* End PBXTargetDependency section */

/* Begin PBXVariantGroup section */
		A4B20C581BA1926E00BA531F /* Main.storyboard */ = {
			isa = PBXVariantGroup;
			children = (
				A4B20C591BA1926E00BA531F /* Base */,
			);
			name = Main.storyboard;
			sourceTree = "<group>";
		};
		A4B20C5D1BA1926E00BA531F /* LaunchScreen.xib */ = {
			isa = PBXVariantGroup;
			children = (
				A4B20C5E1BA1926E00BA531F /* Base */,
			);
			name = LaunchScreen.xib;
			sourceTree = "<group>";
		};
/* End PBXVariantGroup section */

/* Begin XCBuildConfiguration section */
		A4B20C6C1BA1926E00BA531F /* Debug */ = {
			isa = XCBuildConfiguration;
			buildSettings = {
				ALWAYS_SEARCH_USER_PATHS = NO;
				CLANG_CXX_LANGUAGE_STANDARD = "gnu++0x";
				CLANG_CXX_LIBRARY = "libc++";
				CLANG_ENABLE_MODULES = YES;
				CLANG_ENABLE_OBJC_ARC = YES;
				CLANG_WARN_BOOL_CONVERSION = YES;
				CLANG_WARN_CONSTANT_CONVERSION = YES;
				CLANG_WARN_DIRECT_OBJC_ISA_USAGE = YES_ERROR;
				CLANG_WARN_EMPTY_BODY = YES;
				CLANG_WARN_ENUM_CONVERSION = YES;
				CLANG_WARN_INT_CONVERSION = YES;
				CLANG_WARN_OBJC_ROOT_CLASS = YES_ERROR;
				CLANG_WARN_UNREACHABLE_CODE = YES;
				CLANG_WARN__DUPLICATE_METHOD_MATCH = YES;
				"CODE_SIGN_IDENTITY[sdk=iphoneos*]" = "iPhone Developer";
				COPY_PHASE_STRIP = NO;
				DEBUG_INFORMATION_FORMAT = "dwarf-with-dsym";
				ENABLE_STRICT_OBJC_MSGSEND = YES;
				ENABLE_TESTABILITY = YES;
				GCC_C_LANGUAGE_STANDARD = gnu99;
				GCC_DYNAMIC_NO_PIC = NO;
				GCC_NO_COMMON_BLOCKS = YES;
				GCC_OPTIMIZATION_LEVEL = 0;
				GCC_PREPROCESSOR_DEFINITIONS = (
					"DEBUG=1",
					"$(inherited)",
				);
				GCC_SYMBOLS_PRIVATE_EXTERN = NO;
				GCC_WARN_64_TO_32_BIT_CONVERSION = YES;
				GCC_WARN_ABOUT_RETURN_TYPE = YES_ERROR;
				GCC_WARN_UNDECLARED_SELECTOR = YES;
				GCC_WARN_UNINITIALIZED_AUTOS = YES_AGGRESSIVE;
				GCC_WARN_UNUSED_FUNCTION = YES;
				GCC_WARN_UNUSED_VARIABLE = YES;
				IPHONEOS_DEPLOYMENT_TARGET = 8.4;
				MTL_ENABLE_DEBUG_INFO = YES;
				ONLY_ACTIVE_ARCH = YES;
				PROVISIONING_PROFILE = "7b2ce42b-1836-41f7-8635-cd10fc144a87";
				SDKROOT = iphoneos;
				SWIFT_OPTIMIZATION_LEVEL = "-Onone";
				TARGETED_DEVICE_FAMILY = "1,2";
			};
			name = Debug;
		};
		A4B20C6D1BA1926E00BA531F /* Release */ = {
			isa = XCBuildConfiguration;
			buildSettings = {
				ALWAYS_SEARCH_USER_PATHS = NO;
				CLANG_CXX_LANGUAGE_STANDARD = "gnu++0x";
				CLANG_CXX_LIBRARY = "libc++";
				CLANG_ENABLE_MODULES = YES;
				CLANG_ENABLE_OBJC_ARC = YES;
				CLANG_WARN_BOOL_CONVERSION = YES;
				CLANG_WARN_CONSTANT_CONVERSION = YES;
				CLANG_WARN_DIRECT_OBJC_ISA_USAGE = YES_ERROR;
				CLANG_WARN_EMPTY_BODY = YES;
				CLANG_WARN_ENUM_CONVERSION = YES;
				CLANG_WARN_INT_CONVERSION = YES;
				CLANG_WARN_OBJC_ROOT_CLASS = YES_ERROR;
				CLANG_WARN_UNREACHABLE_CODE = YES;
				CLANG_WARN__DUPLICATE_METHOD_MATCH = YES;
				"CODE_SIGN_IDENTITY[sdk=iphoneos*]" = "iPhone Developer";
				COPY_PHASE_STRIP = NO;
				DEBUG_INFORMATION_FORMAT = "dwarf-with-dsym";
				ENABLE_NS_ASSERTIONS = NO;
				ENABLE_STRICT_OBJC_MSGSEND = YES;
				GCC_C_LANGUAGE_STANDARD = gnu99;
				GCC_NO_COMMON_BLOCKS = YES;
				GCC_WARN_64_TO_32_BIT_CONVERSION = YES;
				GCC_WARN_ABOUT_RETURN_TYPE = YES_ERROR;
				GCC_WARN_UNDECLARED_SELECTOR = YES;
				GCC_WARN_UNINITIALIZED_AUTOS = YES_AGGRESSIVE;
				GCC_WARN_UNUSED_FUNCTION = YES;
				GCC_WARN_UNUSED_VARIABLE = YES;
				IPHONEOS_DEPLOYMENT_TARGET = 8.4;
				MTL_ENABLE_DEBUG_INFO = NO;
				PROVISIONING_PROFILE = "7b2ce42b-1836-41f7-8635-cd10fc144a87";
				SDKROOT = iphoneos;
				TARGETED_DEVICE_FAMILY = "1,2";
				VALIDATE_PRODUCT = YES;
			};
			name = Release;
		};
		A4B20C6F1BA1926E00BA531F /* Debug */ = {
			isa = XCBuildConfiguration;
			baseConfigurationReference = 58B18F1FC211CE0D810643A5 /* Pods.debug.xcconfig */;
			buildSettings = {
				ASSETCATALOG_COMPILER_APPICON_NAME = AppIcon;
				CODE_SIGN_IDENTITY = "iPhone Developer";
				"CODE_SIGN_IDENTITY[sdk=iphoneos*]" = "iPhone Developer";
				INFOPLIST_FILE = TachDesiginKyotoInaka/Info.plist;
				IPHONEOS_DEPLOYMENT_TARGET = 8.4;
				LD_RUNPATH_SEARCH_PATHS = "$(inherited) @executable_path/Frameworks";
				PRODUCT_BUNDLE_IDENTIFIER = "com.nextvanguard.ha1f.$(PRODUCT_NAME:rfc1034identifier)";
				PRODUCT_NAME = "$(TARGET_NAME)";
				PROVISIONING_PROFILE = "";
			};
			name = Debug;
		};
		A4B20C701BA1926E00BA531F /* Release */ = {
			isa = XCBuildConfiguration;
			baseConfigurationReference = DF14468BD71C2DD80759279E /* Pods.release.xcconfig */;
			buildSettings = {
				ASSETCATALOG_COMPILER_APPICON_NAME = AppIcon;
				CODE_SIGN_IDENTITY = "iPhone Developer";
				"CODE_SIGN_IDENTITY[sdk=iphoneos*]" = "iPhone Developer";
				INFOPLIST_FILE = TachDesiginKyotoInaka/Info.plist;
				IPHONEOS_DEPLOYMENT_TARGET = 8.4;
				LD_RUNPATH_SEARCH_PATHS = "$(inherited) @executable_path/Frameworks";
				PRODUCT_BUNDLE_IDENTIFIER = "com.nextvanguard.ha1f.$(PRODUCT_NAME:rfc1034identifier)";
				PRODUCT_NAME = "$(TARGET_NAME)";
				PROVISIONING_PROFILE = "";
			};
			name = Release;
		};
		A4B20C721BA1926E00BA531F /* Debug */ = {
			isa = XCBuildConfiguration;
			buildSettings = {
				BUNDLE_LOADER = "$(TEST_HOST)";
				FRAMEWORK_SEARCH_PATHS = (
					"$(SDKROOT)/Developer/Library/Frameworks",
					"$(inherited)",
				);
				GCC_PREPROCESSOR_DEFINITIONS = (
					"DEBUG=1",
					"$(inherited)",
				);
				INFOPLIST_FILE = TachDesiginKyotoInakaTests/Info.plist;
				LD_RUNPATH_SEARCH_PATHS = "$(inherited) @executable_path/Frameworks @loader_path/Frameworks";
				PRODUCT_BUNDLE_IDENTIFIER = "com.nextvanguard.ha1f.$(PRODUCT_NAME:rfc1034identifier)";
				PRODUCT_NAME = "$(TARGET_NAME)";
				TEST_HOST = "$(BUILT_PRODUCTS_DIR)/TachDesiginKyotoInaka.app/TachDesiginKyotoInaka";
			};
			name = Debug;
		};
		A4B20C731BA1926E00BA531F /* Release */ = {
			isa = XCBuildConfiguration;
			buildSettings = {
				BUNDLE_LOADER = "$(TEST_HOST)";
				FRAMEWORK_SEARCH_PATHS = (
					"$(SDKROOT)/Developer/Library/Frameworks",
					"$(inherited)",
				);
				INFOPLIST_FILE = TachDesiginKyotoInakaTests/Info.plist;
				LD_RUNPATH_SEARCH_PATHS = "$(inherited) @executable_path/Frameworks @loader_path/Frameworks";
				PRODUCT_BUNDLE_IDENTIFIER = "com.nextvanguard.ha1f.$(PRODUCT_NAME:rfc1034identifier)";
				PRODUCT_NAME = "$(TARGET_NAME)";
				TEST_HOST = "$(BUILT_PRODUCTS_DIR)/TachDesiginKyotoInaka.app/TachDesiginKyotoInaka";
			};
			name = Release;
		};
/* End XCBuildConfiguration section */

/* Begin XCConfigurationList section */
		A4B20C4A1BA1926E00BA531F /* Build configuration list for PBXProject "TachDesiginKyotoInaka" */ = {
			isa = XCConfigurationList;
			buildConfigurations = (
				A4B20C6C1BA1926E00BA531F /* Debug */,
				A4B20C6D1BA1926E00BA531F /* Release */,
			);
			defaultConfigurationIsVisible = 0;
			defaultConfigurationName = Release;
		};
		A4B20C6E1BA1926E00BA531F /* Build configuration list for PBXNativeTarget "TachDesiginKyotoInaka" */ = {
			isa = XCConfigurationList;
			buildConfigurations = (
				A4B20C6F1BA1926E00BA531F /* Debug */,
				A4B20C701BA1926E00BA531F /* Release */,
			);
			defaultConfigurationIsVisible = 0;
			defaultConfigurationName = Release;
		};
		A4B20C711BA1926E00BA531F /* Build configuration list for PBXNativeTarget "TachDesiginKyotoInakaTests" */ = {
			isa = XCConfigurationList;
			buildConfigurations = (
				A4B20C721BA1926E00BA531F /* Debug */,
				A4B20C731BA1926E00BA531F /* Release */,
			);
			defaultConfigurationIsVisible = 0;
			defaultConfigurationName = Release;
		};
/* End XCConfigurationList section */
	};
	rootObject = A4B20C471BA1926E00BA531F /* Project object */;
}
